// !$*UTF8*$!
{
	archiveVersion = 1;
	classes = {
	};
	objectVersion = 48;
	objects = {

/* Begin PBXBuildFile section */
		0F8E6D6B21FBFA20005AAFBA /* AppDelegate.swift in Sources */ = {isa = PBXBuildFile; fileRef = 0F8E6D6A21FBFA20005AAFBA /* AppDelegate.swift */; };
		0F8E6D6D21FBFA20005AAFBA /* ViewController.swift in Sources */ = {isa = PBXBuildFile; fileRef = 0F8E6D6C21FBFA20005AAFBA /* ViewController.swift */; };
		0F8E6D7021FBFA20005AAFBA /* Main.storyboard in Resources */ = {isa = PBXBuildFile; fileRef = 0F8E6D6E21FBFA20005AAFBA /* Main.storyboard */; };
		0F8E6D7221FBFA20005AAFBA /* Assets.xcassets in Resources */ = {isa = PBXBuildFile; fileRef = 0F8E6D7121FBFA20005AAFBA /* Assets.xcassets */; };
		0F8E6D7521FBFA20005AAFBA /* LaunchScreen.storyboard in Resources */ = {isa = PBXBuildFile; fileRef = 0F8E6D7321FBFA20005AAFBA /* LaunchScreen.storyboard */; };
		0F8E6D8021FBFA21005AAFBA /* H5Tests.swift in Sources */ = {isa = PBXBuildFile; fileRef = 0F8E6D7F21FBFA21005AAFBA /* H5Tests.swift */; };
		0F8E6D8B21FBFA21005AAFBA /* H5UITests.swift in Sources */ = {isa = PBXBuildFile; fileRef = 0F8E6D8A21FBFA21005AAFBA /* H5UITests.swift */; };
		0F8E6D9B21FBFFD0005AAFBA /* NativeWebView.swift in Sources */ = {isa = PBXBuildFile; fileRef = 0F8E6D9A21FBFFD0005AAFBA /* NativeWebView.swift */; };
		0F8E6D9D21FC01A3005AAFBA /* UIWebViewController.swift in Sources */ = {isa = PBXBuildFile; fileRef = 0F8E6D9C21FC01A3005AAFBA /* UIWebViewController.swift */; };
		0F8E6D9F21FC093D005AAFBA /* NativeBridge.swift in Sources */ = {isa = PBXBuildFile; fileRef = 0F8E6D9E21FC093D005AAFBA /* NativeBridge.swift */; };
		0F8E6DA121FC57F8005AAFBA /* NativeWKWebView.swift in Sources */ = {isa = PBXBuildFile; fileRef = 0F8E6DA021FC57F8005AAFBA /* NativeWKWebView.swift */; };
		0F8E6DA321FC599A005AAFBA /* WKWebViewController.swift in Sources */ = {isa = PBXBuildFile; fileRef = 0F8E6DA221FC599A005AAFBA /* WKWebViewController.swift */; };
		0F8E6DB621FC6344005AAFBA /* HTML5 in Resources */ = {isa = PBXBuildFile; fileRef = 0F8E6DB521FC6344005AAFBA /* HTML5 */; };
/* End PBXBuildFile section */

/* Begin PBXContainerItemProxy section */
		0F8E6D7C21FBFA20005AAFBA /* PBXContainerItemProxy */ = {
			isa = PBXContainerItemProxy;
			containerPortal = 0F8E6D5F21FBFA20005AAFBA /* Project object */;
			proxyType = 1;
			remoteGlobalIDString = 0F8E6D6621FBFA20005AAFBA;
			remoteInfo = H5;
		};
		0F8E6D8721FBFA21005AAFBA /* PBXContainerItemProxy */ = {
			isa = PBXContainerItemProxy;
			containerPortal = 0F8E6D5F21FBFA20005AAFBA /* Project object */;
			proxyType = 1;
			remoteGlobalIDString = 0F8E6D6621FBFA20005AAFBA;
			remoteInfo = H5;
		};
/* End PBXContainerItemProxy section */

/* Begin PBXFileReference section */
		0F8E6D6721FBFA20005AAFBA /* H5.app */ = {isa = PBXFileReference; explicitFileType = wrapper.application; includeInIndex = 0; path = H5.app; sourceTree = BUILT_PRODUCTS_DIR; };
		0F8E6D6A21FBFA20005AAFBA /* AppDelegate.swift */ = {isa = PBXFileReference; lastKnownFileType = sourcecode.swift; path = AppDelegate.swift; sourceTree = "<group>"; };
		0F8E6D6C21FBFA20005AAFBA /* ViewController.swift */ = {isa = PBXFileReference; lastKnownFileType = sourcecode.swift; path = ViewController.swift; sourceTree = "<group>"; };
		0F8E6D6F21FBFA20005AAFBA /* Base */ = {isa = PBXFileReference; lastKnownFileType = file.storyboard; name = Base; path = Base.lproj/Main.storyboard; sourceTree = "<group>"; };
		0F8E6D7121FBFA20005AAFBA /* Assets.xcassets */ = {isa = PBXFileReference; lastKnownFileType = folder.assetcatalog; path = Assets.xcassets; sourceTree = "<group>"; };
		0F8E6D7421FBFA20005AAFBA /* Base */ = {isa = PBXFileReference; lastKnownFileType = file.storyboard; name = Base; path = Base.lproj/LaunchScreen.storyboard; sourceTree = "<group>"; };
		0F8E6D7621FBFA20005AAFBA /* Info.plist */ = {isa = PBXFileReference; lastKnownFileType = text.plist.xml; path = Info.plist; sourceTree = "<group>"; };
		0F8E6D7B21FBFA20005AAFBA /* H5Tests.xctest */ = {isa = PBXFileReference; explicitFileType = wrapper.cfbundle; includeInIndex = 0; path = H5Tests.xctest; sourceTree = BUILT_PRODUCTS_DIR; };
		0F8E6D7F21FBFA21005AAFBA /* H5Tests.swift */ = {isa = PBXFileReference; lastKnownFileType = sourcecode.swift; path = H5Tests.swift; sourceTree = "<group>"; };
		0F8E6D8121FBFA21005AAFBA /* Info.plist */ = {isa = PBXFileReference; lastKnownFileType = text.plist.xml; path = Info.plist; sourceTree = "<group>"; };
		0F8E6D8621FBFA21005AAFBA /* H5UITests.xctest */ = {isa = PBXFileReference; explicitFileType = wrapper.cfbundle; includeInIndex = 0; path = H5UITests.xctest; sourceTree = BUILT_PRODUCTS_DIR; };
		0F8E6D8A21FBFA21005AAFBA /* H5UITests.swift */ = {isa = PBXFileReference; lastKnownFileType = sourcecode.swift; path = H5UITests.swift; sourceTree = "<group>"; };
		0F8E6D8C21FBFA21005AAFBA /* Info.plist */ = {isa = PBXFileReference; lastKnownFileType = text.plist.xml; path = Info.plist; sourceTree = "<group>"; };
		0F8E6D9A21FBFFD0005AAFBA /* NativeWebView.swift */ = {isa = PBXFileReference; fileEncoding = 4; lastKnownFileType = sourcecode.swift; path = NativeWebView.swift; sourceTree = "<group>"; };
		0F8E6D9C21FC01A3005AAFBA /* UIWebViewController.swift */ = {isa = PBXFileReference; lastKnownFileType = sourcecode.swift; path = UIWebViewController.swift; sourceTree = "<group>"; };
		0F8E6D9E21FC093D005AAFBA /* NativeBridge.swift */ = {isa = PBXFileReference; lastKnownFileType = sourcecode.swift; path = NativeBridge.swift; sourceTree = "<group>"; };
		0F8E6DA021FC57F8005AAFBA /* NativeWKWebView.swift */ = {isa = PBXFileReference; lastKnownFileType = sourcecode.swift; path = NativeWKWebView.swift; sourceTree = "<group>"; };
		0F8E6DA221FC599A005AAFBA /* WKWebViewController.swift */ = {isa = PBXFileReference; lastKnownFileType = sourcecode.swift; path = WKWebViewController.swift; sourceTree = "<group>"; };
		0F8E6DB521FC6344005AAFBA /* HTML5 */ = {isa = PBXFileReference; lastKnownFileType = folder; path = HTML5; sourceTree = "<group>"; };
/* End PBXFileReference section */

/* Begin PBXFrameworksBuildPhase section */
		0F8E6D6421FBFA20005AAFBA /* Frameworks */ = {
			isa = PBXFrameworksBuildPhase;
			buildActionMask = 2147483647;
			files = (
			);
			runOnlyForDeploymentPostprocessing = 0;
		};
		0F8E6D7821FBFA20005AAFBA /* Frameworks */ = {
			isa = PBXFrameworksBuildPhase;
			buildActionMask = 2147483647;
			files = (
			);
			runOnlyForDeploymentPostprocessing = 0;
		};
		0F8E6D8321FBFA21005AAFBA /* Frameworks */ = {
			isa = PBXFrameworksBuildPhase;
			buildActionMask = 2147483647;
			files = (
			);
			runOnlyForDeploymentPostprocessing = 0;
		};
/* End PBXFrameworksBuildPhase section */

/* Begin PBXGroup section */
		0F8E6D5E21FBFA20005AAFBA = {
			isa = PBXGroup;
			children = (
				0F8E6D6921FBFA20005AAFBA /* H5 */,
				0F8E6D7E21FBFA21005AAFBA /* H5Tests */,
				0F8E6D8921FBFA21005AAFBA /* H5UITests */,
				0F8E6D6821FBFA20005AAFBA /* Products */,
			);
			sourceTree = "<group>";
		};
		0F8E6D6821FBFA20005AAFBA /* Products */ = {
			isa = PBXGroup;
			children = (
				0F8E6D6721FBFA20005AAFBA /* H5.app */,
				0F8E6D7B21FBFA20005AAFBA /* H5Tests.xctest */,
				0F8E6D8621FBFA21005AAFBA /* H5UITests.xctest */,
			);
			name = Products;
			sourceTree = "<group>";
		};
		0F8E6D6921FBFA20005AAFBA /* H5 */ = {
			isa = PBXGroup;
			children = (
				0F8E6DB521FC6344005AAFBA /* HTML5 */,
				0F8E6D9C21FC01A3005AAFBA /* UIWebViewController.swift */,
				0F8E6D9A21FBFFD0005AAFBA /* NativeWebView.swift */,
				0F8E6D6A21FBFA20005AAFBA /* AppDelegate.swift */,
				0F8E6D6C21FBFA20005AAFBA /* ViewController.swift */,
				0F8E6D6E21FBFA20005AAFBA /* Main.storyboard */,
				0F8E6D7121FBFA20005AAFBA /* Assets.xcassets */,
				0F8E6D7321FBFA20005AAFBA /* LaunchScreen.storyboard */,
				0F8E6D7621FBFA20005AAFBA /* Info.plist */,
				0F8E6D9E21FC093D005AAFBA /* NativeBridge.swift */,
				0F8E6DA021FC57F8005AAFBA /* NativeWKWebView.swift */,
				0F8E6DA221FC599A005AAFBA /* WKWebViewController.swift */,
			);
			path = H5;
			sourceTree = "<group>";
		};
		0F8E6D7E21FBFA21005AAFBA /* H5Tests */ = {
			isa = PBXGroup;
			children = (
				0F8E6D7F21FBFA21005AAFBA /* H5Tests.swift */,
				0F8E6D8121FBFA21005AAFBA /* Info.plist */,
			);
			path = H5Tests;
			sourceTree = "<group>";
		};
		0F8E6D8921FBFA21005AAFBA /* H5UITests */ = {
			isa = PBXGroup;
			children = (
				0F8E6D8A21FBFA21005AAFBA /* H5UITests.swift */,
				0F8E6D8C21FBFA21005AAFBA /* Info.plist */,
			);
			path = H5UITests;
			sourceTree = "<group>";
		};
/* End PBXGroup section */

/* Begin PBXNativeTarget section */
		0F8E6D6621FBFA20005AAFBA /* H5 */ = {
			isa = PBXNativeTarget;
			buildConfigurationList = 0F8E6D8F21FBFA21005AAFBA /* Build configuration list for PBXNativeTarget "H5" */;
			buildPhases = (
				0F8E6D6321FBFA20005AAFBA /* Sources */,
				0F8E6D6421FBFA20005AAFBA /* Frameworks */,
				0F8E6D6521FBFA20005AAFBA /* Resources */,
			);
			buildRules = (
			);
			dependencies = (
			);
			name = H5;
			productName = H5;
			productReference = 0F8E6D6721FBFA20005AAFBA /* H5.app */;
			productType = "com.apple.product-type.application";
		};
		0F8E6D7A21FBFA20005AAFBA /* H5Tests */ = {
			isa = PBXNativeTarget;
			buildConfigurationList = 0F8E6D9221FBFA21005AAFBA /* Build configuration list for PBXNativeTarget "H5Tests" */;
			buildPhases = (
				0F8E6D7721FBFA20005AAFBA /* Sources */,
				0F8E6D7821FBFA20005AAFBA /* Frameworks */,
				0F8E6D7921FBFA20005AAFBA /* Resources */,
			);
			buildRules = (
			);
			dependencies = (
				0F8E6D7D21FBFA20005AAFBA /* PBXTargetDependency */,
			);
			name = H5Tests;
			productName = H5Tests;
			productReference = 0F8E6D7B21FBFA20005AAFBA /* H5Tests.xctest */;
			productType = "com.apple.product-type.bundle.unit-test";
		};
		0F8E6D8521FBFA21005AAFBA /* H5UITests */ = {
			isa = PBXNativeTarget;
			buildConfigurationList = 0F8E6D9521FBFA21005AAFBA /* Build configuration list for PBXNativeTarget "H5UITests" */;
			buildPhases = (
				0F8E6D8221FBFA21005AAFBA /* Sources */,
				0F8E6D8321FBFA21005AAFBA /* Frameworks */,
				0F8E6D8421FBFA21005AAFBA /* Resources */,
			);
			buildRules = (
			);
			dependencies = (
				0F8E6D8821FBFA21005AAFBA /* PBXTargetDependency */,
			);
			name = H5UITests;
			productName = H5UITests;
			productReference = 0F8E6D8621FBFA21005AAFBA /* H5UITests.xctest */;
			productType = "com.apple.product-type.bundle.ui-testing";
		};
/* End PBXNativeTarget section */

/* Begin PBXProject section */
		0F8E6D5F21FBFA20005AAFBA /* Project object */ = {
			isa = PBXProject;
			attributes = {
				LastSwiftUpdateCheck = 0900;
				LastUpgradeCheck = 0900;
				ORGANIZATIONNAME = kenhuang;
				TargetAttributes = {
					0F8E6D6621FBFA20005AAFBA = {
						CreatedOnToolsVersion = 9.0.1;
						ProvisioningStyle = Automatic;
					};
					0F8E6D7A21FBFA20005AAFBA = {
						CreatedOnToolsVersion = 9.0.1;
						ProvisioningStyle = Automatic;
						TestTargetID = 0F8E6D6621FBFA20005AAFBA;
					};
					0F8E6D8521FBFA21005AAFBA = {
						CreatedOnToolsVersion = 9.0.1;
						ProvisioningStyle = Automatic;
						TestTargetID = 0F8E6D6621FBFA20005AAFBA;
					};
				};
			};
			buildConfigurationList = 0F8E6D6221FBFA20005AAFBA /* Build configuration list for PBXProject "H5" */;
			compatibilityVersion = "Xcode 8.0";
			developmentRegion = en;
			hasScannedForEncodings = 0;
			knownRegions = (
				en,
				Base,
			);
			mainGroup = 0F8E6D5E21FBFA20005AAFBA;
			productRefGroup = 0F8E6D6821FBFA20005AAFBA /* Products */;
			projectDirPath = "";
			projectRoot = "";
			targets = (
				0F8E6D6621FBFA20005AAFBA /* H5 */,
				0F8E6D7A21FBFA20005AAFBA /* H5Tests */,
				0F8E6D8521FBFA21005AAFBA /* H5UITests */,
			);
		};
/* End PBXProject section */

/* Begin PBXResourcesBuildPhase section */
		0F8E6D6521FBFA20005AAFBA /* Resources */ = {
			isa = PBXResourcesBuildPhase;
			buildActionMask = 2147483647;
			files = (
				0F8E6D7521FBFA20005AAFBA /* LaunchScreen.storyboard in Resources */,
				0F8E6D7221FBFA20005AAFBA /* Assets.xcassets in Resources */,
				0F8E6D7021FBFA20005AAFBA /* Main.storyboard in Resources */,
				0F8E6DB621FC6344005AAFBA /* HTML5 in Resources */,
			);
			runOnlyForDeploymentPostprocessing = 0;
		};
		0F8E6D7921FBFA20005AAFBA /* Resources */ = {
			isa = PBXResourcesBuildPhase;
			buildActionMask = 2147483647;
			files = (
			);
			runOnlyForDeploymentPostprocessing = 0;
		};
		0F8E6D8421FBFA21005AAFBA /* Resources */ = {
			isa = PBXResourcesBuildPhase;
			buildActionMask = 2147483647;
			files = (
			);
			runOnlyForDeploymentPostprocessing = 0;
		};
/* End PBXResourcesBuildPhase section */

/* Begin PBXSourcesBuildPhase section */
		0F8E6D6321FBFA20005AAFBA /* Sources */ = {
			isa = PBXSourcesBuildPhase;
			buildActionMask = 2147483647;
			files = (
				0F8E6D6D21FBFA20005AAFBA /* ViewController.swift in Sources */,
				0F8E6D9F21FC093D005AAFBA /* NativeBridge.swift in Sources */,
				0F8E6DA321FC599A005AAFBA /* WKWebViewController.swift in Sources */,
				0F8E6DA121FC57F8005AAFBA /* NativeWKWebView.swift in Sources */,
				0F8E6D9B21FBFFD0005AAFBA /* NativeWebView.swift in Sources */,
				0F8E6D6B21FBFA20005AAFBA /* AppDelegate.swift in Sources */,
				0F8E6D9D21FC01A3005AAFBA /* UIWebViewController.swift in Sources */,
			);
			runOnlyForDeploymentPostprocessing = 0;
		};
		0F8E6D7721FBFA20005AAFBA /* Sources */ = {
			isa = PBXSourcesBuildPhase;
			buildActionMask = 2147483647;
			files = (
				0F8E6D8021FBFA21005AAFBA /* H5Tests.swift in Sources */,
			);
			runOnlyForDeploymentPostprocessing = 0;
		};
		0F8E6D8221FBFA21005AAFBA /* Sources */ = {
			isa = PBXSourcesBuildPhase;
			buildActionMask = 2147483647;
			files = (
				0F8E6D8B21FBFA21005AAFBA /* H5UITests.swift in Sources */,
			);
			runOnlyForDeploymentPostprocessing = 0;
		};
/* End PBXSourcesBuildPhase section */

/* Begin PBXTargetDependency section */
		0F8E6D7D21FBFA20005AAFBA /* PBXTargetDependency */ = {
			isa = PBXTargetDependency;
			target = 0F8E6D6621FBFA20005AAFBA /* H5 */;
			targetProxy = 0F8E6D7C21FBFA20005AAFBA /* PBXContainerItemProxy */;
		};
		0F8E6D8821FBFA21005AAFBA /* PBXTargetDependency */ = {
			isa = PBXTargetDependency;
			target = 0F8E6D6621FBFA20005AAFBA /* H5 */;
			targetProxy = 0F8E6D8721FBFA21005AAFBA /* PBXContainerItemProxy */;
		};
/* End PBXTargetDependency section */

/* Begin PBXVariantGroup section */
		0F8E6D6E21FBFA20005AAFBA /* Main.storyboard */ = {
			isa = PBXVariantGroup;
			children = (
				0F8E6D6F21FBFA20005AAFBA /* Base */,
			);
			name = Main.storyboard;
			sourceTree = "<group>";
		};
		0F8E6D7321FBFA20005AAFBA /* LaunchScreen.storyboard */ = {
			isa = PBXVariantGroup;
			children = (
				0F8E6D7421FBFA20005AAFBA /* Base */,
			);
			name = LaunchScreen.storyboard;
			sourceTree = "<group>";
		};
/* End PBXVariantGroup section */

/* Begin XCBuildConfiguration section */
		0F8E6D8D21FBFA21005AAFBA /* Debug */ = {
			isa = XCBuildConfiguration;
			buildSettings = {
				ALWAYS_SEARCH_USER_PATHS = NO;
				CLANG_ANALYZER_NONNULL = YES;
				CLANG_ANALYZER_NUMBER_OBJECT_CONVERSION = YES_AGGRESSIVE;
				CLANG_CXX_LANGUAGE_STANDARD = "gnu++14";
				CLANG_CXX_LIBRARY = "libc++";
				CLANG_ENABLE_MODULES = YES;
				CLANG_ENABLE_OBJC_ARC = YES;
				CLANG_WARN_BLOCK_CAPTURE_AUTORELEASING = YES;
				CLANG_WARN_BOOL_CONVERSION = YES;
				CLANG_WARN_COMMA = YES;
				CLANG_WARN_CONSTANT_CONVERSION = YES;
				CLANG_WARN_DIRECT_OBJC_ISA_USAGE = YES_ERROR;
				CLANG_WARN_DOCUMENTATION_COMMENTS = YES;
				CLANG_WARN_EMPTY_BODY = YES;
				CLANG_WARN_ENUM_CONVERSION = YES;
				CLANG_WARN_INFINITE_RECURSION = YES;
				CLANG_WARN_INT_CONVERSION = YES;
				CLANG_WARN_NON_LITERAL_NULL_CONVERSION = YES;
				CLANG_WARN_OBJC_LITERAL_CONVERSION = YES;
				CLANG_WARN_OBJC_ROOT_CLASS = YES_ERROR;
				CLANG_WARN_RANGE_LOOP_ANALYSIS = YES;
				CLANG_WARN_STRICT_PROTOTYPES = YES;
				CLANG_WARN_SUSPICIOUS_MOVE = YES;
				CLANG_WARN_UNGUARDED_AVAILABILITY = YES_AGGRESSIVE;
				CLANG_WARN_UNREACHABLE_CODE = YES;
				CLANG_WARN__DUPLICATE_METHOD_MATCH = YES;
				CODE_SIGN_IDENTITY = "iPhone Developer";
				COPY_PHASE_STRIP = NO;
				DEBUG_INFORMATION_FORMAT = dwarf;
				ENABLE_STRICT_OBJC_MSGSEND = YES;
				ENABLE_TESTABILITY = YES;
				GCC_C_LANGUAGE_STANDARD = gnu11;
				GCC_DYNAMIC_NO_PIC = NO;
				GCC_NO_COMMON_BLOCKS = YES;
				GCC_OPTIMIZATION_LEVEL = 0;
				GCC_PREPROCESSOR_DEFINITIONS = (
					"DEBUG=1",
					"$(inherited)",
				);
				GCC_WARN_64_TO_32_BIT_CONVERSION = YES;
				GCC_WARN_ABOUT_RETURN_TYPE = YES_ERROR;
				GCC_WARN_UNDECLARED_SELECTOR = YES;
				GCC_WARN_UNINITIALIZED_AUTOS = YES_AGGRESSIVE;
				GCC_WARN_UNUSED_FUNCTION = YES;
				GCC_WARN_UNUSED_VARIABLE = YES;
				IPHONEOS_DEPLOYMENT_TARGET = 11.0;
				MTL_ENABLE_DEBUG_INFO = YES;
				ONLY_ACTIVE_ARCH = YES;
				SDKROOT = iphoneos;
				SWIFT_ACTIVE_COMPILATION_CONDITIONS = DEBUG;
				SWIFT_OPTIMIZATION_LEVEL = "-Onone";
			};
			name = Debug;
		};
		0F8E6D8E21FBFA21005AAFBA /* Release */ = {
			isa = XCBuildConfiguration;
			buildSettings = {
				ALWAYS_SEARCH_USER_PATHS = NO;
				CLANG_ANALYZER_NONNULL = YES;
				CLANG_ANALYZER_NUMBER_OBJECT_CONVERSION = YES_AGGRESSIVE;
				CLANG_CXX_LANGUAGE_STANDARD = "gnu++14";
				CLANG_CXX_LIBRARY = "libc++";
				CLANG_ENABLE_MODULES = YES;
				CLANG_ENABLE_OBJC_ARC = YES;
				CLANG_WARN_BLOCK_CAPTURE_AUTORELEASING = YES;
				CLANG_WARN_BOOL_CONVERSION = YES;
				CLANG_WARN_COMMA = YES;
				CLANG_WARN_CONSTANT_CONVERSION = YES;
				CLANG_WARN_DIRECT_OBJC_ISA_USAGE = YES_ERROR;
				CLANG_WARN_DOCUMENTATION_COMMENTS = YES;
				CLANG_WARN_EMPTY_BODY = YES;
				CLANG_WARN_ENUM_CONVERSION = YES;
				CLANG_WARN_INFINITE_RECURSION = YES;
				CLANG_WARN_INT_CONVERSION = YES;
				CLANG_WARN_NON_LITERAL_NULL_CONVERSION = YES;
				CLANG_WARN_OBJC_LITERAL_CONVERSION = YES;
				CLANG_WARN_OBJC_ROOT_CLASS = YES_ERROR;
				CLANG_WARN_RANGE_LOOP_ANALYSIS = YES;
				CLANG_WARN_STRICT_PROTOTYPES = YES;
				CLANG_WARN_SUSPICIOUS_MOVE = YES;
				CLANG_WARN_UNGUARDED_AVAILABILITY = YES_AGGRESSIVE;
				CLANG_WARN_UNREACHABLE_CODE = YES;
				CLANG_WARN__DUPLICATE_METHOD_MATCH = YES;
				CODE_SIGN_IDENTITY = "iPhone Developer";
				COPY_PHASE_STRIP = NO;
				DEBUG_INFORMATION_FORMAT = "dwarf-with-dsym";
				ENABLE_NS_ASSERTIONS = NO;
				ENABLE_STRICT_OBJC_MSGSEND = YES;
				GCC_C_LANGUAGE_STANDARD = gnu11;
				GCC_NO_COMMON_BLOCKS = YES;
				GCC_WARN_64_TO_32_BIT_CONVERSION = YES;
				GCC_WARN_ABOUT_RETURN_TYPE = YES_ERROR;
				GCC_WARN_UNDECLARED_SELECTOR = YES;
				GCC_WARN_UNINITIALIZED_AUTOS = YES_AGGRESSIVE;
				GCC_WARN_UNUSED_FUNCTION = YES;
				GCC_WARN_UNUSED_VARIABLE = YES;
				IPHONEOS_DEPLOYMENT_TARGET = 11.0;
				MTL_ENABLE_DEBUG_INFO = NO;
				SDKROOT = iphoneos;
				SWIFT_OPTIMIZATION_LEVEL = "-Owholemodule";
				VALIDATE_PRODUCT = YES;
			};
			name = Release;
		};
		0F8E6D9021FBFA21005AAFBA /* Debug */ = {
			isa = XCBuildConfiguration;
			buildSettings = {
				ASSETCATALOG_COMPILER_APPICON_NAME = AppIcon;
				CODE_SIGN_STYLE = Automatic;
				DEVELOPMENT_TEAM = M6L34D3UC9;
				INFOPLIST_FILE = H5/Info.plist;
				LD_RUNPATH_SEARCH_PATHS = "$(inherited) @executable_path/Frameworks";
				PRODUCT_BUNDLE_IDENTIFIER = mfl.H5;
				PRODUCT_NAME = "$(TARGET_NAME)";
				SWIFT_VERSION = 4.0;
				TARGETED_DEVICE_FAMILY = "1,2";
			};
			name = Debug;
		};
		0F8E6D9121FBFA21005AAFBA /* Release */ = {
			isa = XCBuildConfiguration;
			buildSettings = {
				ASSETCATALOG_COMPILER_APPICON_NAME = AppIcon;
				CODE_SIGN_STYLE = Automatic;
				DEVELOPMENT_TEAM = M6L34D3UC9;
				INFOPLIST_FILE = H5/Info.plist;
				LD_RUNPATH_SEARCH_PATHS = "$(inherited) @executable_path/Frameworks";
				PRODUCT_BUNDLE_IDENTIFIER = mfl.H5;
				PRODUCT_NAME = "$(TARGET_NAME)";
				SWIFT_VERSION = 4.0;
				TARGETED_DEVICE_FAMILY = "1,2";
			};
			name = Release;
		};
		0F8E6D9321FBFA21005AAFBA /* Debug */ = {
			isa = XCBuildConfiguration;
			buildSettings = {
				ALWAYS_EMBED_SWIFT_STANDARD_LIBRARIES = YES;
				BUNDLE_LOADER = "$(TEST_HOST)";
				CODE_SIGN_STYLE = Automatic;
				DEVELOPMENT_TEAM = M6L34D3UC9;
				INFOPLIST_FILE = H5Tests/Info.plist;
				LD_RUNPATH_SEARCH_PATHS = "$(inherited) @executable_path/Frameworks @loader_path/Frameworks";
				PRODUCT_BUNDLE_IDENTIFIER = mfl.H5Tests;
				PRODUCT_NAME = "$(TARGET_NAME)";
				SWIFT_VERSION = 4.0;
				TARGETED_DEVICE_FAMILY = "1,2";
				TEST_HOST = "$(BUILT_PRODUCTS_DIR)/H5.app/H5";
			};
			name = Debug;
		};
		0F8E6D9421FBFA21005AAFBA /* Release */ = {
			isa = XCBuildConfiguration;
			buildSettings = {
				ALWAYS_EMBED_SWIFT_STANDARD_LIBRARIES = YES;
				BUNDLE_LOADER = "$(TEST_HOST)";
				CODE_SIGN_STYLE = Automatic;
				DEVELOPMENT_TEAM = M6L34D3UC9;
				INFOPLIST_FILE = H5Tests/Info.plist;
				LD_RUNPATH_SEARCH_PATHS = "$(inherited) @executable_path/Frameworks @loader_path/Frameworks";
				PRODUCT_BUNDLE_IDENTIFIER = mfl.H5Tests;
				PRODUCT_NAME = "$(TARGET_NAME)";
				SWIFT_VERSION = 4.0;
				TARGETED_DEVICE_FAMILY = "1,2";
				TEST_HOST = "$(BUILT_PRODUCTS_DIR)/H5.app/H5";
			};
			name = Release;
		};
		0F8E6D9621FBFA21005AAFBA /* Debug */ = {
			isa = XCBuildConfiguration;
			buildSettings = {
				ALWAYS_EMBED_SWIFT_STANDARD_LIBRARIES = YES;
				CODE_SIGN_STYLE = Automatic;
				DEVELOPMENT_TEAM = M6L34D3UC9;
				INFOPLIST_FILE = H5UITests/Info.plist;
				LD_RUNPATH_SEARCH_PATHS = "$(inherited) @executable_path/Frameworks @loader_path/Frameworks";
				PRODUCT_BUNDLE_IDENTIFIER = mfl.H5UITests;
				PRODUCT_NAME = "$(TARGET_NAME)";
				SWIFT_VERSION = 4.0;
				TARGETED_DEVICE_FAMILY = "1,2";
				TEST_TARGET_NAME = H5;
			};
			name = Debug;
		};
		0F8E6D9721FBFA21005AAFBA /* Release */ = {
			isa = XCBuildConfiguration;
			buildSettings = {
				ALWAYS_EMBED_SWIFT_STANDARD_LIBRARIES = YES;
				CODE_SIGN_STYLE = Automatic;
				DEVELOPMENT_TEAM = M6L34D3UC9;
				INFOPLIST_FILE = H5UITests/Info.plist;
				LD_RUNPATH_SEARCH_PATHS = "$(inherited) @executable_path/Frameworks @loader_path/Frameworks";
				PRODUCT_BUNDLE_IDENTIFIER = mfl.H5UITests;
				PRODUCT_NAME = "$(TARGET_NAME)";
				SWIFT_VERSION = 4.0;
				TARGETED_DEVICE_FAMILY = "1,2";
				TEST_TARGET_NAME = H5;
			};
			name = Release;
		};
/* End XCBuildConfiguration section */

/* Begin XCConfigurationList section */
		0F8E6D6221FBFA20005AAFBA /* Build configuration list for PBXProject "H5" */ = {
			isa = XCConfigurationList;
			buildConfigurations = (
				0F8E6D8D21FBFA21005AAFBA /* Debug */,
				0F8E6D8E21FBFA21005AAFBA /* Release */,
			);
			defaultConfigurationIsVisible = 0;
			defaultConfigurationName = Release;
		};
		0F8E6D8F21FBFA21005AAFBA /* Build configuration list for PBXNativeTarget "H5" */ = {
			isa = XCConfigurationList;
			buildConfigurations = (
				0F8E6D9021FBFA21005AAFBA /* Debug */,
				0F8E6D9121FBFA21005AAFBA /* Release */,
			);
			defaultConfigurationIsVisible = 0;
			defaultConfigurationName = Release;
		};
		0F8E6D9221FBFA21005AAFBA /* Build configuration list for PBXNativeTarget "H5Tests" */ = {
			isa = XCConfigurationList;
			buildConfigurations = (
				0F8E6D9321FBFA21005AAFBA /* Debug */,
				0F8E6D9421FBFA21005AAFBA /* Release */,
			);
			defaultConfigurationIsVisible = 0;
			defaultConfigurationName = Release;
		};
		0F8E6D9521FBFA21005AAFBA /* Build configuration list for PBXNativeTarget "H5UITests" */ = {
			isa = XCConfigurationList;
			buildConfigurations = (
				0F8E6D9621FBFA21005AAFBA /* Debug */,
				0F8E6D9721FBFA21005AAFBA /* Release */,
			);
			defaultConfigurationIsVisible = 0;
			defaultConfigurationName = Release;
		};
/* End XCConfigurationList section */
	};
	rootObject = 0F8E6D5F21FBFA20005AAFBA /* Project object */;
}
